
Microsoft Visual Studio Solution File, Format Version 11.00
# Visual C++ Express 2010
Project("{8BC9CEB8-8B4A-11D0-8D11-00A0C91BC942}") = "projoverlay2", "projoverlay2\projoverlay2.vcxproj", "{09D51CF9-C51E-4AE7-B56E-981F6EF28A19}"
EndProject
Global
	GlobalSection(SolutionConfigurationPlatforms) = preSolution
		Debug|Win32 = Debug|Win32
		Release|Win32 = Release|Win32
	EndGlobalSection
	GlobalSection(ProjectConfigurationPlatforms) = postSolution
		{09D51CF9-C51E-4AE7-B56E-981F6EF28A19}.Debug|Win32.ActiveCfg = Debug|Win32
		{09D51CF9-C51E-4AE7-B56E-981F6EF28A19}.Debug|Win32.Build.0 = Debug|Win32
		{09D51CF9-C51E-4AE7-B56E-981F6EF28A19}.Release|Win32.ActiveCfg = Release|Win32
		{09D51CF9-C51E-4AE7-B56E-981F6EF28A19}.Release|Win32.Build.0 = Release|Win32
	EndGlobalSection
	GlobalSection(SolutionProperties) = preSolution
		HideSolutionNode = FALSE
	EndGlobalSection
EndGlobal
